
Microsoft Visual Studio Solution File, Format Version 12.00
# Visual Studio Version 17
VisualStudioVersion = 17.0.32630.193
MinimumVisualStudioVersion = 10.0.40219.1
Project("{9A19103F-16F7-4668-BE54-9A1E7A4F7556}") = "List_Program", "List_Program\List_Program.csproj", "{9C0DD38B-10D6-42AE-8193-8422156938B2}"
EndProject
Project("{9A19103F-16F7-4668-BE54-9A1E7A4F7556}") = "LinkedList_Program", "LinkedList_Program\LinkedList_Program.csproj", "{1FD48A8A-BB03-4ABE-939A-43D5DB47A7F0}"
EndProject
Project("{FAE04EC0-301F-11D3-BF4B-00C04F79EFBC}") = "Dictionary_Program", "Dictionary_Program\Dictionary_Program.csproj", "{BC7693F5-485B-4BC5-B24B-B5091294106A}"
EndProject
Project("{FAE04EC0-301F-11D3-BF4B-00C04F79EFBC}") = "Stack_Program", "Stack_Program\Stack_Program.csproj", "{73506854-928C-4F64-92EE-EC6D84778AE3}"
EndProject
Project("{FAE04EC0-301F-11D3-BF4B-00C04F79EFBC}") = "Queue_Program", "Queue_Program\Queue_Program.csproj", "{AE1673F5-D8EC-4B56-9FB7-9E7CBD334255}"
EndProject
Global
	GlobalSection(SolutionConfigurationPlatforms) = preSolution
		Debug|Any CPU = Debug|Any CPU
		Release|Any CPU = Release|Any CPU
	EndGlobalSection
	GlobalSection(ProjectConfigurationPlatforms) = postSolution
		{9C0DD38B-10D6-42AE-8193-8422156938B2}.Debug|Any CPU.ActiveCfg = Debug|Any CPU
		{9C0DD38B-10D6-42AE-8193-8422156938B2}.Debug|Any CPU.Build.0 = Debug|Any CPU
		{9C0DD38B-10D6-42AE-8193-8422156938B2}.Release|Any CPU.ActiveCfg = Release|Any CPU
		{9C0DD38B-10D6-42AE-8193-8422156938B2}.Release|Any CPU.Build.0 = Release|Any CPU
		{1FD48A8A-BB03-4ABE-939A-43D5DB47A7F0}.Debug|Any CPU.ActiveCfg = Debug|Any CPU
		{1FD48A8A-BB03-4ABE-939A-43D5DB47A7F0}.Debug|Any CPU.Build.0 = Debug|Any CPU
		{1FD48A8A-BB03-4ABE-939A-43D5DB47A7F0}.Release|Any CPU.ActiveCfg = Release|Any CPU
		{1FD48A8A-BB03-4ABE-939A-43D5DB47A7F0}.Release|Any CPU.Build.0 = Release|Any CPU
		{BC7693F5-485B-4BC5-B24B-B5091294106A}.Debug|Any CPU.ActiveCfg = Debug|Any CPU
		{BC7693F5-485B-4BC5-B24B-B5091294106A}.Debug|Any CPU.Build.0 = Debug|Any CPU
		{BC7693F5-485B-4BC5-B24B-B5091294106A}.Release|Any CPU.ActiveCfg = Release|Any CPU
		{BC7693F5-485B-4BC5-B24B-B5091294106A}.Release|Any CPU.Build.0 = Release|Any CPU
		{73506854-928C-4F64-92EE-EC6D84778AE3}.Debug|Any CPU.ActiveCfg = Debug|Any CPU
		{73506854-928C-4F64-92EE-EC6D84778AE3}.Debug|Any CPU.Build.0 = Debug|Any CPU
		{73506854-928C-4F64-92EE-EC6D84778AE3}.Release|Any CPU.ActiveCfg = Release|Any CPU
		{73506854-928C-4F64-92EE-EC6D84778AE3}.Release|Any CPU.Build.0 = Release|Any CPU
		{AE1673F5-D8EC-4B56-9FB7-9E7CBD334255}.Debug|Any CPU.ActiveCfg = Debug|Any CPU
		{AE1673F5-D8EC-4B56-9FB7-9E7CBD334255}.Debug|Any CPU.Build.0 = Debug|Any CPU
		{AE1673F5-D8EC-4B56-9FB7-9E7CBD334255}.Release|Any CPU.ActiveCfg = Release|Any CPU
		{AE1673F5-D8EC-4B56-9FB7-9E7CBD334255}.Release|Any CPU.Build.0 = Release|Any CPU
	EndGlobalSection
	GlobalSection(SolutionProperties) = preSolution
		HideSolutionNode = FALSE
	EndGlobalSection
	GlobalSection(ExtensibilityGlobals) = postSolution
		SolutionGuid = {AFC8087E-8FC4-4085-9E15-58D173CC123E}
	EndGlobalSection
EndGlobal
